
Microsoft Visual Studio Solution File, Format Version 12.00
# Visual Studio 15
VisualStudioVersion = 15.0.28307.168
MinimumVisualStudioVersion = 10.0.40219.1
Project("{8BC9CEB8-8B4A-11D0-8D11-00A0C91BC942}") = "AssertMaker", "AssertMaker\AssertMaker.vcxproj", "{7BC196E3-A054-493F-9A86-3522396C85F3}"
EndProject
Project("{8BC9CEB8-8B4A-11D0-8D11-00A0C91BC942}") = "Engine", "Engine\Engine.vcxproj", "{74933FB1-D575-4713-B9A7-3E6CD22C164E}"
EndProject
Project("{8BC9CEB8-8B4A-11D0-8D11-00A0C91BC942}") = "LevelGenerator", "LevelGenerator\LevelGenerator.vcxproj", "{E32F928E-CA73-475B-BE97-962988978BEF}"
EndProject
Global
	GlobalSection(SolutionConfigurationPlatforms) = preSolution
		D3D12|Mixed Platforms = D3D12|Mixed Platforms
		D3D12|Win32 = D3D12|Win32
		D3D12|x64 = D3D12|x64
		Debug|Mixed Platforms = Debug|Mixed Platforms
		Debug|Win32 = Debug|Win32
		Debug|x64 = Debug|x64
		GamePlay|Mixed Platforms = GamePlay|Mixed Platforms
		GamePlay|Win32 = GamePlay|Win32
		GamePlay|x64 = GamePlay|x64
		Release|Mixed Platforms = Release|Mixed Platforms
		Release|Win32 = Release|Win32
		Release|x64 = Release|x64
	EndGlobalSection
	GlobalSection(ProjectConfigurationPlatforms) = postSolution
		{7BC196E3-A054-493F-9A86-3522396C85F3}.D3D12|Mixed Platforms.ActiveCfg = Debug|Win32
		{7BC196E3-A054-493F-9A86-3522396C85F3}.D3D12|Mixed Platforms.Build.0 = Debug|Win32
		{7BC196E3-A054-493F-9A86-3522396C85F3}.D3D12|Win32.ActiveCfg = Debug|Win32
		{7BC196E3-A054-493F-9A86-3522396C85F3}.D3D12|Win32.Build.0 = Debug|Win32
		{7BC196E3-A054-493F-9A86-3522396C85F3}.D3D12|x64.ActiveCfg = Release|Win32
		{7BC196E3-A054-493F-9A86-3522396C85F3}.D3D12|x64.Build.0 = Release|Win32
		{7BC196E3-A054-493F-9A86-3522396C85F3}.Debug|Mixed Platforms.ActiveCfg = Debug|Win32
		{7BC196E3-A054-493F-9A86-3522396C85F3}.Debug|Mixed Platforms.Build.0 = Debug|Win32
		{7BC196E3-A054-493F-9A86-3522396C85F3}.Debug|Win32.ActiveCfg = Debug|Win32
		{7BC196E3-A054-493F-9A86-3522396C85F3}.Debug|Win32.Build.0 = Debug|Win32
		{7BC196E3-A054-493F-9A86-3522396C85F3}.Debug|x64.ActiveCfg = Debug|Win32
		{7BC196E3-A054-493F-9A86-3522396C85F3}.GamePlay|Mixed Platforms.ActiveCfg = Release|Win32
		{7BC196E3-A054-493F-9A86-3522396C85F3}.GamePlay|Mixed Platforms.Build.0 = Release|Win32
		{7BC196E3-A054-493F-9A86-3522396C85F3}.GamePlay|Win32.ActiveCfg = Release|Win32
		{7BC196E3-A054-493F-9A86-3522396C85F3}.GamePlay|Win32.Build.0 = Release|Win32
		{7BC196E3-A054-493F-9A86-3522396C85F3}.GamePlay|x64.ActiveCfg = Release|Win32
		{7BC196E3-A054-493F-9A86-3522396C85F3}.Release|Mixed Platforms.ActiveCfg = Release|Win32
		{7BC196E3-A054-493F-9A86-3522396C85F3}.Release|Mixed Platforms.Build.0 = Release|Win32
		{7BC196E3-A054-493F-9A86-3522396C85F3}.Release|Win32.ActiveCfg = Release|Win32
		{7BC196E3-A054-493F-9A86-3522396C85F3}.Release|Win32.Build.0 = Release|Win32
		{7BC196E3-A054-493F-9A86-3522396C85F3}.Release|x64.ActiveCfg = Release|Win32
		{74933FB1-D575-4713-B9A7-3E6CD22C164E}.D3D12|Mixed Platforms.ActiveCfg = D3D12|Win32
		{74933FB1-D575-4713-B9A7-3E6CD22C164E}.D3D12|Mixed Platforms.Build.0 = D3D12|Win32
		{74933FB1-D575-4713-B9A7-3E6CD22C164E}.D3D12|Win32.ActiveCfg = D3D12|Win32
		{74933FB1-D575-4713-B9A7-3E6CD22C164E}.D3D12|Win32.Build.0 = D3D12|Win32
		{74933FB1-D575-4713-B9A7-3E6CD22C164E}.D3D12|x64.ActiveCfg = D3D12|x64
		{74933FB1-D575-4713-B9A7-3E6CD22C164E}.D3D12|x64.Build.0 = D3D12|x64
		{74933FB1-D575-4713-B9A7-3E6CD22C164E}.Debug|Mixed Platforms.ActiveCfg = Debug|Win32
		{74933FB1-D575-4713-B9A7-3E6CD22C164E}.Debug|Mixed Platforms.Build.0 = Debug|Win32
		{74933FB1-D575-4713-B9A7-3E6CD22C164E}.Debug|Win32.ActiveCfg = Debug|Win32
		{74933FB1-D575-4713-B9A7-3E6CD22C164E}.Debug|Win32.Build.0 = Debug|Win32
		{74933FB1-D575-4713-B9A7-3E6CD22C164E}.Debug|x64.ActiveCfg = Debug|x64
		{74933FB1-D575-4713-B9A7-3E6CD22C164E}.Debug|x64.Build.0 = Debug|x64
		{74933FB1-D575-4713-B9A7-3E6CD22C164E}.GamePlay|Mixed Platforms.ActiveCfg = Release|Win32
		{74933FB1-D575-4713-B9A7-3E6CD22C164E}.GamePlay|Mixed Platforms.Build.0 = Release|Win32
		{74933FB1-D575-4713-B9A7-3E6CD22C164E}.GamePlay|Win32.ActiveCfg = Release|Win32
		{74933FB1-D575-4713-B9A7-3E6CD22C164E}.GamePlay|Win32.Build.0 = Release|Win32
		{74933FB1-D575-4713-B9A7-3E6CD22C164E}.GamePlay|x64.ActiveCfg = Release|Win32
		{74933FB1-D575-4713-B9A7-3E6CD22C164E}.Release|Mixed Platforms.ActiveCfg = Release|Win32
		{74933FB1-D575-4713-B9A7-3E6CD22C164E}.Release|Mixed Platforms.Build.0 = Release|Win32
		{74933FB1-D575-4713-B9A7-3E6CD22C164E}.Release|Win32.ActiveCfg = Release|Win32
		{74933FB1-D575-4713-B9A7-3E6CD22C164E}.Release|Win32.Build.0 = Release|Win32
		{74933FB1-D575-4713-B9A7-3E6CD22C164E}.Release|x64.ActiveCfg = Release|x64
		{74933FB1-D575-4713-B9A7-3E6CD22C164E}.Release|x64.Build.0 = Release|x64
		{E32F928E-CA73-475B-BE97-962988978BEF}.D3D12|Mixed Platforms.ActiveCfg = Debug|Win32
		{E32F928E-CA73-475B-BE97-962988978BEF}.D3D12|Mixed Platforms.Build.0 = Debug|Win32
		{E32F928E-CA73-475B-BE97-962988978BEF}.D3D12|Win32.ActiveCfg = Debug|Win32
		{E32F928E-CA73-475B-BE97-962988978BEF}.D3D12|Win32.Build.0 = Debug|Win32
		{E32F928E-CA73-475B-BE97-962988978BEF}.D3D12|x64.ActiveCfg = Release|Win32
		{E32F928E-CA73-475B-BE97-962988978BEF}.D3D12|x64.Build.0 = Release|Win32
		{E32F928E-CA73-475B-BE97-962988978BEF}.Debug|Mixed Platforms.ActiveCfg = Debug|Win32
		{E32F928E-CA73-475B-BE97-962988978BEF}.Debug|Mixed Platforms.Build.0 = Debug|Win32
		{E32F928E-CA73-475B-BE97-962988978BEF}.Debug|Win32.ActiveCfg = Debug|Win32
		{E32F928E-CA73-475B-BE97-962988978BEF}.Debug|Win32.Build.0 = Debug|Win32
		{E32F928E-CA73-475B-BE97-962988978BEF}.Debug|x64.ActiveCfg = Debug|Win32
		{E32F928E-CA73-475B-BE97-962988978BEF}.GamePlay|Mixed Platforms.ActiveCfg = Release|Win32
		{E32F928E-CA73-475B-BE97-962988978BEF}.GamePlay|Mixed Platforms.Build.0 = Release|Win32
		{E32F928E-CA73-475B-BE97-962988978BEF}.GamePlay|Win32.ActiveCfg = Release|Win32
		{E32F928E-CA73-475B-BE97-962988978BEF}.GamePlay|Win32.Build.0 = Release|Win32
		{E32F928E-CA73-475B-BE97-962988978BEF}.GamePlay|x64.ActiveCfg = Release|Win32
		{E32F928E-CA73-475B-BE97-962988978BEF}.Release|Mixed Platforms.ActiveCfg = Release|Win32
		{E32F928E-CA73-475B-BE97-962988978BEF}.Release|Mixed Platforms.Build.0 = Release|Win32
		{E32F928E-CA73-475B-BE97-962988978BEF}.Release|Win32.ActiveCfg = Release|Win32
		{E32F928E-CA73-475B-BE97-962988978BEF}.Release|Win32.Build.0 = Release|Win32
		{E32F928E-CA73-475B-BE97-962988978BEF}.Release|x64.ActiveCfg = Release|Win32
	EndGlobalSection
	GlobalSection(SolutionProperties) = preSolution
		HideSolutionNode = FALSE
	EndGlobalSection
	GlobalSection(ExtensibilityGlobals) = postSolution
		SolutionGuid = {2DE945B5-5938-4611-BC55-78EB80ABBFA7}
	EndGlobalSection
EndGlobal
