
Microsoft Visual Studio Solution File, Format Version 12.00
# Visual Studio Version 16
VisualStudioVersion = 16.0.29230.47
MinimumVisualStudioVersion = 10.0.40219.1
Project("{8BC9CEB8-8B4A-11D0-8D11-00A0C91BC942}") = "AssertMaker", "AssertMaker\AssertMaker.vcxproj", "{7BC196E3-A054-493F-9A86-3522396C85F3}"
EndProject
Project("{8BC9CEB8-8B4A-11D0-8D11-00A0C91BC942}") = "Engine", "Engine\Engine.vcxproj", "{74933FB1-D575-4713-B9A7-3E6CD22C164E}"
EndProject
Project("{8BC9CEB8-8B4A-11D0-8D11-00A0C91BC942}") = "LevelGenerator", "LevelGenerator\LevelGenerator.vcxproj", "{E32F928E-CA73-475B-BE97-962988978BEF}"
EndProject
Project("{8BC9CEB8-8B4A-11D0-8D11-00A0C91BC942}") = "DirectXTK_Desktop_2019_Win10", "DirectXTK-aug2019\DirectXTK_Desktop_2019_Win10.vcxproj", "{E0B52AE7-E160-4D32-BF3F-910B785E5A8E}"
EndProject
Project("{8BC9CEB8-8B4A-11D0-8D11-00A0C91BC942}") = "BulletCollision", "bullet3-2.89\build3\vs2010\BulletCollision.vcxproj", "{B91153C5-259D-C089-2EAE-437E9AB81C8A}"
EndProject
Project("{8BC9CEB8-8B4A-11D0-8D11-00A0C91BC942}") = "BulletDynamics", "bullet3-2.89\build3\vs2010\BulletDynamics.vcxproj", "{45122E0F-31E0-2115-1A74-923B06E1FD79}"
EndProject
Project("{8BC9CEB8-8B4A-11D0-8D11-00A0C91BC942}") = "HACD", "bullet3-2.89\build3\vs2010\HACD.vcxproj", "{35A8857C-21DF-860D-CACB-6C10B6E1020F}"
EndProject
Project("{8BC9CEB8-8B4A-11D0-8D11-00A0C91BC942}") = "LinearMath", "bullet3-2.89\build3\vs2010\LinearMath.vcxproj", "{EAF25DFD-D6AA-9F4A-3FB2-78A62B893A3B}"
EndProject
Global
	GlobalSection(SolutionConfigurationPlatforms) = preSolution
		Debug|Mixed Platforms = Debug|Mixed Platforms
		Debug|Win32 = Debug|Win32
		Debug|x64 = Debug|x64
		Release|Mixed Platforms = Release|Mixed Platforms
		Release|Win32 = Release|Win32
		Release|x64 = Release|x64
	EndGlobalSection
	GlobalSection(ProjectConfigurationPlatforms) = postSolution
		{7BC196E3-A054-493F-9A86-3522396C85F3}.Debug|Mixed Platforms.ActiveCfg = Debug|Win32
		{7BC196E3-A054-493F-9A86-3522396C85F3}.Debug|Mixed Platforms.Build.0 = Debug|Win32
		{7BC196E3-A054-493F-9A86-3522396C85F3}.Debug|Win32.ActiveCfg = Debug|Win32
		{7BC196E3-A054-493F-9A86-3522396C85F3}.Debug|Win32.Build.0 = Debug|Win32
		{7BC196E3-A054-493F-9A86-3522396C85F3}.Debug|x64.ActiveCfg = Debug|x64
		{7BC196E3-A054-493F-9A86-3522396C85F3}.Release|Mixed Platforms.ActiveCfg = Release|Win32
		{7BC196E3-A054-493F-9A86-3522396C85F3}.Release|Mixed Platforms.Build.0 = Release|Win32
		{7BC196E3-A054-493F-9A86-3522396C85F3}.Release|Win32.ActiveCfg = Release|Win32
		{7BC196E3-A054-493F-9A86-3522396C85F3}.Release|Win32.Build.0 = Release|Win32
		{7BC196E3-A054-493F-9A86-3522396C85F3}.Release|x64.ActiveCfg = Release|Win32
		{74933FB1-D575-4713-B9A7-3E6CD22C164E}.Debug|Mixed Platforms.ActiveCfg = Release|x64
		{74933FB1-D575-4713-B9A7-3E6CD22C164E}.Debug|Mixed Platforms.Build.0 = Release|x64
		{74933FB1-D575-4713-B9A7-3E6CD22C164E}.Debug|Win32.ActiveCfg = Debug|x64
		{74933FB1-D575-4713-B9A7-3E6CD22C164E}.Debug|x64.ActiveCfg = Debug|x64
		{74933FB1-D575-4713-B9A7-3E6CD22C164E}.Debug|x64.Build.0 = Debug|x64
		{74933FB1-D575-4713-B9A7-3E6CD22C164E}.Release|Mixed Platforms.ActiveCfg = Release|x64
		{74933FB1-D575-4713-B9A7-3E6CD22C164E}.Release|Mixed Platforms.Build.0 = Release|x64
		{74933FB1-D575-4713-B9A7-3E6CD22C164E}.Release|Win32.ActiveCfg = Release|x64
		{74933FB1-D575-4713-B9A7-3E6CD22C164E}.Release|x64.ActiveCfg = Release|x64
		{74933FB1-D575-4713-B9A7-3E6CD22C164E}.Release|x64.Build.0 = Release|x64
		{E32F928E-CA73-475B-BE97-962988978BEF}.Debug|Mixed Platforms.ActiveCfg = Debug|Win32
		{E32F928E-CA73-475B-BE97-962988978BEF}.Debug|Mixed Platforms.Build.0 = Debug|Win32
		{E32F928E-CA73-475B-BE97-962988978BEF}.Debug|Win32.ActiveCfg = Debug|Win32
		{E32F928E-CA73-475B-BE97-962988978BEF}.Debug|Win32.Build.0 = Debug|Win32
		{E32F928E-CA73-475B-BE97-962988978BEF}.Debug|x64.ActiveCfg = Debug|Win32
		{E32F928E-CA73-475B-BE97-962988978BEF}.Release|Mixed Platforms.ActiveCfg = Release|Win32
		{E32F928E-CA73-475B-BE97-962988978BEF}.Release|Mixed Platforms.Build.0 = Release|Win32
		{E32F928E-CA73-475B-BE97-962988978BEF}.Release|Win32.ActiveCfg = Release|Win32
		{E32F928E-CA73-475B-BE97-962988978BEF}.Release|Win32.Build.0 = Release|Win32
		{E32F928E-CA73-475B-BE97-962988978BEF}.Release|x64.ActiveCfg = Release|Win32
		{E0B52AE7-E160-4D32-BF3F-910B785E5A8E}.Debug|Mixed Platforms.ActiveCfg = Debug|Win32
		{E0B52AE7-E160-4D32-BF3F-910B785E5A8E}.Debug|Mixed Platforms.Build.0 = Debug|Win32
		{E0B52AE7-E160-4D32-BF3F-910B785E5A8E}.Debug|Win32.ActiveCfg = Debug|Win32
		{E0B52AE7-E160-4D32-BF3F-910B785E5A8E}.Debug|Win32.Build.0 = Debug|Win32
		{E0B52AE7-E160-4D32-BF3F-910B785E5A8E}.Debug|x64.ActiveCfg = Debug|x64
		{E0B52AE7-E160-4D32-BF3F-910B785E5A8E}.Debug|x64.Build.0 = Debug|x64
		{E0B52AE7-E160-4D32-BF3F-910B785E5A8E}.Release|Mixed Platforms.ActiveCfg = Release|Win32
		{E0B52AE7-E160-4D32-BF3F-910B785E5A8E}.Release|Mixed Platforms.Build.0 = Release|Win32
		{E0B52AE7-E160-4D32-BF3F-910B785E5A8E}.Release|Win32.ActiveCfg = Release|Win32
		{E0B52AE7-E160-4D32-BF3F-910B785E5A8E}.Release|Win32.Build.0 = Release|Win32
		{E0B52AE7-E160-4D32-BF3F-910B785E5A8E}.Release|x64.ActiveCfg = Release|x64
		{E0B52AE7-E160-4D32-BF3F-910B785E5A8E}.Release|x64.Build.0 = Release|x64
		{B91153C5-259D-C089-2EAE-437E9AB81C8A}.Debug|Mixed Platforms.ActiveCfg = Debug|Win32
		{B91153C5-259D-C089-2EAE-437E9AB81C8A}.Debug|Mixed Platforms.Build.0 = Debug|Win32
		{B91153C5-259D-C089-2EAE-437E9AB81C8A}.Debug|Win32.ActiveCfg = Debug|Win32
		{B91153C5-259D-C089-2EAE-437E9AB81C8A}.Debug|Win32.Build.0 = Debug|Win32
		{B91153C5-259D-C089-2EAE-437E9AB81C8A}.Debug|x64.ActiveCfg = Debug|x64
		{B91153C5-259D-C089-2EAE-437E9AB81C8A}.Debug|x64.Build.0 = Debug|x64
		{B91153C5-259D-C089-2EAE-437E9AB81C8A}.Release|Mixed Platforms.ActiveCfg = Release|Win32
		{B91153C5-259D-C089-2EAE-437E9AB81C8A}.Release|Mixed Platforms.Build.0 = Release|Win32
		{B91153C5-259D-C089-2EAE-437E9AB81C8A}.Release|Win32.ActiveCfg = Release|Win32
		{B91153C5-259D-C089-2EAE-437E9AB81C8A}.Release|Win32.Build.0 = Release|Win32
		{B91153C5-259D-C089-2EAE-437E9AB81C8A}.Release|x64.ActiveCfg = Release|x64
		{B91153C5-259D-C089-2EAE-437E9AB81C8A}.Release|x64.Build.0 = Release|x64
		{45122E0F-31E0-2115-1A74-923B06E1FD79}.Debug|Mixed Platforms.ActiveCfg = Debug|Win32
		{45122E0F-31E0-2115-1A74-923B06E1FD79}.Debug|Mixed Platforms.Build.0 = Debug|Win32
		{45122E0F-31E0-2115-1A74-923B06E1FD79}.Debug|Win32.ActiveCfg = Debug|Win32
		{45122E0F-31E0-2115-1A74-923B06E1FD79}.Debug|Win32.Build.0 = Debug|Win32
		{45122E0F-31E0-2115-1A74-923B06E1FD79}.Debug|x64.ActiveCfg = Debug|x64
		{45122E0F-31E0-2115-1A74-923B06E1FD79}.Debug|x64.Build.0 = Debug|x64
		{45122E0F-31E0-2115-1A74-923B06E1FD79}.Release|Mixed Platforms.ActiveCfg = Release|Win32
		{45122E0F-31E0-2115-1A74-923B06E1FD79}.Release|Mixed Platforms.Build.0 = Release|Win32
		{45122E0F-31E0-2115-1A74-923B06E1FD79}.Release|Win32.ActiveCfg = Release|Win32
		{45122E0F-31E0-2115-1A74-923B06E1FD79}.Release|Win32.Build.0 = Release|Win32
		{45122E0F-31E0-2115-1A74-923B06E1FD79}.Release|x64.ActiveCfg = Release|x64
		{45122E0F-31E0-2115-1A74-923B06E1FD79}.Release|x64.Build.0 = Release|x64
		{35A8857C-21DF-860D-CACB-6C10B6E1020F}.Debug|Mixed Platforms.ActiveCfg = Debug|Win32
		{35A8857C-21DF-860D-CACB-6C10B6E1020F}.Debug|Mixed Platforms.Build.0 = Debug|Win32
		{35A8857C-21DF-860D-CACB-6C10B6E1020F}.Debug|Win32.ActiveCfg = Debug|Win32
		{35A8857C-21DF-860D-CACB-6C10B6E1020F}.Debug|Win32.Build.0 = Debug|Win32
		{35A8857C-21DF-860D-CACB-6C10B6E1020F}.Debug|x64.ActiveCfg = Debug|x64
		{35A8857C-21DF-860D-CACB-6C10B6E1020F}.Debug|x64.Build.0 = Debug|x64
		{35A8857C-21DF-860D-CACB-6C10B6E1020F}.Release|Mixed Platforms.ActiveCfg = Release|Win32
		{35A8857C-21DF-860D-CACB-6C10B6E1020F}.Release|Mixed Platforms.Build.0 = Release|Win32
		{35A8857C-21DF-860D-CACB-6C10B6E1020F}.Release|Win32.ActiveCfg = Release|Win32
		{35A8857C-21DF-860D-CACB-6C10B6E1020F}.Release|Win32.Build.0 = Release|Win32
		{35A8857C-21DF-860D-CACB-6C10B6E1020F}.Release|x64.ActiveCfg = Release|x64
		{35A8857C-21DF-860D-CACB-6C10B6E1020F}.Release|x64.Build.0 = Release|x64
		{EAF25DFD-D6AA-9F4A-3FB2-78A62B893A3B}.Debug|Mixed Platforms.ActiveCfg = Debug|Win32
		{EAF25DFD-D6AA-9F4A-3FB2-78A62B893A3B}.Debug|Mixed Platforms.Build.0 = Debug|Win32
		{EAF25DFD-D6AA-9F4A-3FB2-78A62B893A3B}.Debug|Win32.ActiveCfg = Debug|Win32
		{EAF25DFD-D6AA-9F4A-3FB2-78A62B893A3B}.Debug|Win32.Build.0 = Debug|Win32
		{EAF25DFD-D6AA-9F4A-3FB2-78A62B893A3B}.Debug|x64.ActiveCfg = Debug|x64
		{EAF25DFD-D6AA-9F4A-3FB2-78A62B893A3B}.Debug|x64.Build.0 = Debug|x64
		{EAF25DFD-D6AA-9F4A-3FB2-78A62B893A3B}.Release|Mixed Platforms.ActiveCfg = Release|Win32
		{EAF25DFD-D6AA-9F4A-3FB2-78A62B893A3B}.Release|Mixed Platforms.Build.0 = Release|Win32
		{EAF25DFD-D6AA-9F4A-3FB2-78A62B893A3B}.Release|Win32.ActiveCfg = Release|Win32
		{EAF25DFD-D6AA-9F4A-3FB2-78A62B893A3B}.Release|Win32.Build.0 = Release|Win32
		{EAF25DFD-D6AA-9F4A-3FB2-78A62B893A3B}.Release|x64.ActiveCfg = Release|x64
		{EAF25DFD-D6AA-9F4A-3FB2-78A62B893A3B}.Release|x64.Build.0 = Release|x64
	EndGlobalSection
	GlobalSection(SolutionProperties) = preSolution
		HideSolutionNode = FALSE
	EndGlobalSection
	GlobalSection(ExtensibilityGlobals) = postSolution
		SolutionGuid = {2DE945B5-5938-4611-BC55-78EB80ABBFA7}
	EndGlobalSection
EndGlobal
