<?xml version="1.0" encoding="utf-8"?>
<Project ToolsVersion="4.0" xmlns="http://schemas.microsoft.com/developer/msbuild/2003">
  <ItemGroup>
    <Filter Include="源文件">
      <UniqueIdentifier>{4FC737F1-C7A5-4376-A066-2A32D752A2FF}</UniqueIdentifier>
      <Extensions>cpp;c;cc;cxx;def;odl;idl;hpj;bat;asm;asmx</Extensions>
    </Filter>
    <Filter Include="头文件">
      <UniqueIdentifier>{93995380-89BD-4b04-88EB-625FBE52EBFB}</UniqueIdentifier>
      <Extensions>h;hh;hpp;hxx;hm;inl;inc;xsd</Extensions>
    </Filter>
    <Filter Include="头文件\h3d">
      <UniqueIdentifier>{c3c0a9da-009c-4069-904c-ecbc1f26aae6}</UniqueIdentifier>
    </Filter>
  </ItemGroup>
  <ItemGroup>
    <ClInclude Include="stdafx.h">
      <Filter>头文件</Filter>
    </ClInclude>
    <ClInclude Include="targetver.h">
      <Filter>头文件</Filter>
    </ClInclude>
    <ClInclude Include="resource.h">
      <Filter>头文件</Filter>
    </ClInclude>
    <ClInclude Include="Scene\GameObject.h">
      <Filter>头文件</Filter>
    </ClInclude>
    <ClInclude Include="Core\ObjectFactory.h">
      <Filter>头文件</Filter>
    </ClInclude>
    <ClInclude Include="Core\Allocater.h">
      <Filter>头文件</Filter>
    </ClInclude>
    <ClInclude Include="Core\Shortcuts.h">
      <Filter>头文件</Filter>
    </ClInclude>
    <ClInclude Include="Scene\Component.h">
      <Filter>头文件</Filter>
    </ClInclude>
    <ClInclude Include="Scene\ComponentTemplate.h">
      <Filter>头文件</Filter>
    </ClInclude>
    <ClInclude Include="Scene\TestComponent.h">
      <Filter>头文件</Filter>
    </ClInclude>
    <ClInclude Include="Core\Object.h">
      <Filter>头文件</Filter>
    </ClInclude>
    <ClInclude Include="Core\Str.h">
      <Filter>头文件</Filter>
    </ClInclude>
    <ClInclude Include="Core\MathFunc.h">
      <Filter>头文件</Filter>
    </ClInclude>
    <ClInclude Include="Core\EventNode.h">
      <Filter>头文件</Filter>
    </ClInclude>
    <ClInclude Include="Core\Event.h">
      <Filter>头文件</Filter>
    </ClInclude>
    <ClInclude Include="Core\Variant.h">
      <Filter>头文件</Filter>
    </ClInclude>
    <ClInclude Include="Container\List.h">
      <Filter>头文件</Filter>
    </ClInclude>
    <ClInclude Include="Container\Vector.h">
      <Filter>头文件</Filter>
    </ClInclude>
    <ClInclude Include="Container\HashIndex.h">
      <Filter>头文件</Filter>
    </ClInclude>
    <ClInclude Include="Container\Dict.h">
      <Filter>头文件</Filter>
    </ClInclude>
    <ClInclude Include="Container\RecyclePool.h">
      <Filter>头文件</Filter>
    </ClInclude>
    <ClInclude Include="Container\HashMap.h">
      <Filter>头文件</Filter>
    </ClInclude>
    <ClInclude Include="Core\Context.h">
      <Filter>头文件</Filter>
    </ClInclude>
    <ClInclude Include="Container\LinkList.h">
      <Filter>头文件</Filter>
    </ClInclude>
    <ClInclude Include="Rendering\Model.h">
      <Filter>头文件</Filter>
    </ClInclude>
    <ClInclude Include="Resource\Resource.h">
      <Filter>头文件</Filter>
    </ClInclude>
    <ClInclude Include="Rendering\Renderer.h">
      <Filter>头文件</Filter>
    </ClInclude>
    <ClInclude Include="Rendering\MeshRenderer.h">
      <Filter>头文件</Filter>
    </ClInclude>
    <ClInclude Include="Scene\Scene.h">
      <Filter>头文件</Filter>
    </ClInclude>
    <ClInclude Include="Rendering\PartitionMethod.h">
      <Filter>头文件</Filter>
    </ClInclude>
    <ClInclude Include="Rendering\QuadTree.h">
      <Filter>头文件</Filter>
    </ClInclude>
    <ClInclude Include="Core\Engine.h">
      <Filter>头文件</Filter>
    </ClInclude>
    <ClInclude Include="Rendering\RenderingSystem.h">
      <Filter>头文件</Filter>
    </ClInclude>
    <ClInclude Include="Core\System.h">
      <Filter>头文件</Filter>
    </ClInclude>
    <ClInclude Include="Tasks\WorkerThread.h">
      <Filter>头文件</Filter>
    </ClInclude>
    <ClInclude Include="Tasks\WorkQueue.h">
      <Filter>头文件</Filter>
    </ClInclude>
    <ClInclude Include="Tasks\Task.h">
      <Filter>头文件</Filter>
    </ClInclude>
    <ClInclude Include="Tasks\Mutex.h">
      <Filter>头文件</Filter>
    </ClInclude>
    <ClInclude Include="Resource\ResourceTask.h">
      <Filter>头文件</Filter>
    </ClInclude>
    <ClInclude Include="Resource\ResourceCache.h">
      <Filter>头文件</Filter>
    </ClInclude>
    <ClInclude Include="Scene\Levelloader.h">
      <Filter>头文件</Filter>
    </ClInclude>
    <ClInclude Include="Rendering\RenderInterface.h">
      <Filter>头文件</Filter>
    </ClInclude>
    <ClInclude Include="Rendering\RenderDesc.h">
      <Filter>头文件</Filter>
    </ClInclude>
    <ClInclude Include="Rendering\H3DMesh.h">
      <Filter>头文件</Filter>
    </ClInclude>
    <ClInclude Include="Rendering\Mesh.h">
      <Filter>头文件</Filter>
    </ClInclude>
    <ClInclude Include="Rendering\Node.h">
      <Filter>头文件</Filter>
    </ClInclude>
    <ClInclude Include="Rendering\RenderObject.h">
      <Filter>头文件</Filter>
    </ClInclude>
    <ClInclude Include="Rendering\Material.h">
      <Filter>头文件</Filter>
    </ClInclude>
    <ClInclude Include="Rendering\Texture.h">
      <Filter>头文件</Filter>
    </ClInclude>
    <ClInclude Include="Rendering\Shader.h">
      <Filter>头文件</Filter>
    </ClInclude>
    <ClInclude Include="Resource\BinarySerializer.h">
      <Filter>头文件</Filter>
    </ClInclude>
    <ClInclude Include="Rendering\BatchCompiler.h">
      <Filter>头文件</Filter>
    </ClInclude>
    <ClInclude Include="Rendering\RenderContext.h">
      <Filter>头文件</Filter>
    </ClInclude>
    <ClInclude Include="Resource\FileMappingLoader.h">
      <Filter>头文件</Filter>
    </ClInclude>
    <ClInclude Include="IO\ResourceLoader.h">
      <Filter>头文件</Filter>
    </ClInclude>
    <ClInclude Include="IO\Deserializer.h">
      <Filter>头文件</Filter>
    </ClInclude>
    <ClInclude Include="IO\FileLoader.h">
      <Filter>头文件</Filter>
    </ClInclude>
    <ClInclude Include="Resource\XMLParser.h">
      <Filter>头文件</Filter>
    </ClInclude>
    <ClInclude Include="Rendering\GPUResource.h">
      <Filter>头文件</Filter>
    </ClInclude>
    <ClInclude Include="Rendering\D3D11Render\D3D11Render.h">
      <Filter>头文件</Filter>
    </ClInclude>
    <ClInclude Include="Math\LinearMath.h">
      <Filter>头文件</Filter>
    </ClInclude>
    <ClInclude Include="Core\ObjectContainer.h">
      <Filter>头文件</Filter>
    </ClInclude>
    <ClInclude Include="Math\Collision.h">
      <Filter>头文件</Filter>
    </ClInclude>
    <ClInclude Include="Rendering\RenderingCamera.h">
      <Filter>头文件</Filter>
    </ClInclude>
    <ClInclude Include="Rendering\RenderView.h">
      <Filter>头文件</Filter>
    </ClInclude>
    <ClInclude Include="Rendering\CullingTask.h">
      <Filter>头文件</Filter>
    </ClInclude>
    <ClInclude Include="Rendering\Spatial.h">
      <Filter>头文件</Filter>
    </ClInclude>
    <ClInclude Include="Rendering\QuadTreeImp.h">
      <Filter>头文件</Filter>
    </ClInclude>
    <ClInclude Include="Rendering\BasicCullingImp.h">
      <Filter>头文件</Filter>
    </ClInclude>
    <ClInclude Include="Resource\Level.h">
      <Filter>头文件</Filter>
    </ClInclude>
    <ClInclude Include="Rendering\BasicPartition.h">
      <Filter>头文件</Filter>
    </ClInclude>
    <ClInclude Include="Rendering\Opcode.h">
      <Filter>头文件</Filter>
    </ClInclude>
    <ClInclude Include="Rendering\RenderQueue.h">
      <Filter>头文件</Filter>
    </ClInclude>
    <ClInclude Include="Rendering\RenderProcesser.h">
      <Filter>头文件</Filter>
    </ClInclude>
    <ClInclude Include="Tasks\OsEvent.h">
      <Filter>头文件</Filter>
    </ClInclude>
    <ClInclude Include="Container\LinearBuffer.h">
      <Filter>头文件</Filter>
    </ClInclude>
    <ClInclude Include="Rendering\D3D11Render\Structs.h">
      <Filter>头文件</Filter>
    </ClInclude>
    <ClInclude Include="Rendering\Camera.h">
      <Filter>头文件</Filter>
    </ClInclude>
    <ClInclude Include="Rendering\RenderControl.h">
      <Filter>头文件</Filter>
    </ClInclude>
    <ClInclude Include="Rendering\RenderStage.h">
      <Filter>头文件</Filter>
    </ClInclude>
    <ClInclude Include="Rendering\RenderingPath.h">
      <Filter>头文件</Filter>
    </ClInclude>
    <ClInclude Include="Rendering\PrepassStage.h">
      <Filter>头文件</Filter>
    </ClInclude>
    <ClInclude Include="Rendering\Light.h">
      <Filter>头文件</Filter>
    </ClInclude>
    <ClInclude Include="Rendering\RenderLight.h">
      <Filter>头文件</Filter>
    </ClInclude>
    <ClInclude Include="Resource\LevelDesc.h">
      <Filter>头文件</Filter>
    </ClInclude>
    <ClInclude Include="Rendering\PostpassStage.h">
      <Filter>头文件</Filter>
    </ClInclude>
    <ClInclude Include="Rendering\RenderPreloading.h">
      <Filter>头文件</Filter>
    </ClInclude>
    <ClInclude Include="Rendering\ShadowMapStage.h">
      <Filter>头文件</Filter>
    </ClInclude>
    <ClInclude Include="Script\LuaStack.h">
      <Filter>头文件</Filter>
    </ClInclude>
    <ClInclude Include="Script\Proxy.h">
      <Filter>头文件</Filter>
    </ClInclude>
    <ClInclude Include="Script\Export.h">
      <Filter>头文件</Filter>
    </ClInclude>
    <ClInclude Include="Script\ScriptingSystem.h">
      <Filter>头文件</Filter>
    </ClInclude>
    <ClInclude Include="Script\ConsoleTask.h">
      <Filter>头文件</Filter>
    </ClInclude>
    <ClInclude Include="Core\ObjectTypeId.h">
      <Filter>头文件</Filter>
    </ClInclude>
    <ClInclude Include="Input\InputSystem.h">
      <Filter>头文件</Filter>
    </ClInclude>
    <ClInclude Include="Input\ActionCode.h">
      <Filter>头文件</Filter>
    </ClInclude>
    <ClInclude Include="Input\InputHandler.h">
      <Filter>头文件</Filter>
    </ClInclude>
    <ClInclude Include="Header.h">
      <Filter>头文件</Filter>
    </ClInclude>
    <ClInclude Include="Rendering\D3D12Render\Structs.h">
      <Filter>头文件</Filter>
    </ClInclude>
    <ClInclude Include="Rendering\D3D12Render\D3D12Render.h">
      <Filter>头文件</Filter>
    </ClInclude>
    <ClInclude Include="Rendering\D3D12Render\CommandContext.h">
      <Filter>头文件</Filter>
    </ClInclude>
    <ClInclude Include="Rendering\D3D12Render\d3dx12.h">
      <Filter>头文件</Filter>
    </ClInclude>
    <ClInclude Include="Rendering\D3D12Render\CommandQueue.h">
      <Filter>头文件</Filter>
    </ClInclude>
    <ClInclude Include="Rendering\D3D12Render\DDSTextureLoader12.h">
      <Filter>头文件</Filter>
    </ClInclude>
    <ClInclude Include="Tasks\ThreadLocal.h">
      <Filter>头文件</Filter>
    </ClInclude>
    <ClInclude Include="Rendering\D3D12Render\Heap.h">
      <Filter>头文件</Filter>
    </ClInclude>
    <ClInclude Include="Rendering\D3D12Render\RootSignature.h">
      <Filter>头文件</Filter>
    </ClInclude>
    <ClInclude Include="Rendering\D3D12Render\DescriptorHeap.h">
      <Filter>头文件</Filter>
    </ClInclude>
    <ClInclude Include="Rendering\D3D12Render\PSOCache.h">
      <Filter>头文件</Filter>
    </ClInclude>
    <ClInclude Include="Tasks\Semaphore.h">
      <Filter>头文件</Filter>
    </ClInclude>
    <ClInclude Include="Core\StringTable.h">
      <Filter>头文件</Filter>
    </ClInclude>
    <ClInclude Include="Script\Script.h">
      <Filter>头文件</Filter>
    </ClInclude>
    <ClInclude Include="Physics\PhysicsSystem.h">
      <Filter>头文件</Filter>
    </ClInclude>
    <ClInclude Include="Physics\PhysicsObject.h">
      <Filter>头文件</Filter>
    </ClInclude>
    <ClInclude Include="Physics\GLDebuger\GLDebugDrawer.h">
      <Filter>头文件</Filter>
    </ClInclude>
    <ClInclude Include="Physics\GLDebuger\GLDebugFont.h">
      <Filter>头文件</Filter>
    </ClInclude>
    <ClInclude Include="Physics\GLDebuger\GlutStuff.h">
      <Filter>头文件</Filter>
    </ClInclude>
    <ClInclude Include="Rendering\RenderToTextureStage.h">
      <Filter>头文件</Filter>
    </ClInclude>
    <ClInclude Include="Animation\Animator.h">
      <Filter>头文件</Filter>
    </ClInclude>
    <ClInclude Include="Animation\Animation.h">
      <Filter>头文件</Filter>
    </ClInclude>
    <ClInclude Include="Animation\AnimationClip.h">
      <Filter>头文件</Filter>
    </ClInclude>
    <ClInclude Include="Animation\AnimationTrack.h">
      <Filter>头文件</Filter>
    </ClInclude>
    <ClInclude Include="Animation\Skeleton.h">
      <Filter>头文件</Filter>
    </ClInclude>
    <ClInclude Include="Animation\AnimationCache.h">
      <Filter>头文件</Filter>
    </ClInclude>
    <ClInclude Include="Misc\h3d\h3d.h">
      <Filter>头文件\h3d</Filter>
    </ClInclude>
    <ClInclude Include="Animation\AnimationStage.h">
      <Filter>头文件</Filter>
    </ClInclude>
    <ClInclude Include="Animation\AnimationSystem.h">
      <Filter>头文件</Filter>
    </ClInclude>
    <ClInclude Include="Animation\BlendingNode.h">
      <Filter>头文件</Filter>
    </ClInclude>
    <ClInclude Include="Animation\BlendShape.h">
      <Filter>头文件</Filter>
    </ClInclude>
    <ClInclude Include="IO\Serializer.h">
      <Filter>头文件</Filter>
    </ClInclude>
    <ClInclude Include="IO\FileMapping.h">
      <Filter>头文件</Filter>
    </ClInclude>
    <ClInclude Include="Physics\CharacterController.h">
      <Filter>头文件</Filter>
    </ClInclude>
    <ClInclude Include="RaytracingScene.h">
      <Filter>头文件</Filter>
    </ClInclude>
    <ClInclude Include="Rendering\D3D12Render\RaytracingScene.h">
      <Filter>头文件</Filter>
    </ClInclude>
    <ClInclude Include="Rendering\D3D12Render\ReuseHeap.h">
      <Filter>头文件</Filter>
    </ClInclude>
    <ClInclude Include="Rendering\RaytracingStage.h">
      <Filter>头文件</Filter>
    </ClInclude>
    <ClInclude Include="Rendering\D3D12Render\DefaultShader.h">
      <Filter>头文件</Filter>
    </ClInclude>
    <ClInclude Include="Rendering\ShaderLibrary.h">
      <Filter>头文件</Filter>
    </ClInclude>
    <ClInclude Include="Rendering\D3D12Render\ShaderBindingTable.h">
      <Filter>头文件</Filter>
    </ClInclude>
    <ClInclude Include="Rendering\TerrainNode.h">
      <Filter>头文件</Filter>
    </ClInclude>
    <ClInclude Include="Rendering\TerrainPayload.h">
      <Filter>头文件</Filter>
    </ClInclude>
    <ClInclude Include="Rendering\Terrain.h">
      <Filter>头文件</Filter>
    </ClInclude>
    <ClInclude Include="Profile\ProfileEvents.h">
      <Filter>头文件</Filter>
    </ClInclude>
    <ClInclude Include="Rendering\D3D12Renderer\D3D12Renderer.h">
      <Filter>头文件</Filter>
    </ClInclude>
    <ClInclude Include="Rendering\D3D12Renderer\d3dx12.h">
      <Filter>头文件</Filter>
    </ClInclude>
    <ClInclude Include="Rendering\D3D12Renderer\DDSTextureLoader12.h">
      <Filter>头文件</Filter>
    </ClInclude>
    <ClInclude Include="Rendering\D3D12Renderer\D3d12Resource.h">
      <Filter>头文件</Filter>
    </ClInclude>
  </ItemGroup>
  <ItemGroup>
    <ClCompile Include="stdafx.cpp">
      <Filter>源文件</Filter>
    </ClCompile>
    <ClCompile Include="Scene\GameObject.cpp">
      <Filter>源文件</Filter>
    </ClCompile>
    <ClCompile Include="Scene\Component.cpp">
      <Filter>源文件</Filter>
    </ClCompile>
    <ClCompile Include="Scene\TestComponent.cpp">
      <Filter>源文件</Filter>
    </ClCompile>
    <ClCompile Include="Core\Object.cpp">
      <Filter>源文件</Filter>
    </ClCompile>
    <ClCompile Include="Core\Str.cpp">
      <Filter>源文件</Filter>
    </ClCompile>
    <ClCompile Include="Core\EventNode.cpp">
      <Filter>源文件</Filter>
    </ClCompile>
    <ClCompile Include="Core\Event.cpp">
      <Filter>源文件</Filter>
    </ClCompile>
    <ClCompile Include="Container\HashIndex.cpp">
      <Filter>源文件</Filter>
    </ClCompile>
    <ClCompile Include="Container\Dict.cpp">
      <Filter>源文件</Filter>
    </ClCompile>
    <ClCompile Include="Core\Context.cpp">
      <Filter>源文件</Filter>
    </ClCompile>
    <ClCompile Include="Rendering\Model.cpp">
      <Filter>源文件</Filter>
    </ClCompile>
    <ClCompile Include="Resource\Resource.cpp">
      <Filter>源文件</Filter>
    </ClCompile>
    <ClCompile Include="Rendering\Renderer.cpp">
      <Filter>源文件</Filter>
    </ClCompile>
    <ClCompile Include="Rendering\MeshRenderer.cpp">
      <Filter>源文件</Filter>
    </ClCompile>
    <ClCompile Include="Scene\Scene.cpp">
      <Filter>源文件</Filter>
    </ClCompile>
    <ClCompile Include="Rendering\PartitionMethod.cpp">
      <Filter>源文件</Filter>
    </ClCompile>
    <ClCompile Include="Rendering\QuadTree.cpp">
      <Filter>源文件</Filter>
    </ClCompile>
    <ClCompile Include="Core\Engine.cpp">
      <Filter>源文件</Filter>
    </ClCompile>
    <ClCompile Include="testEngine.cpp">
      <Filter>源文件</Filter>
    </ClCompile>
    <ClCompile Include="Rendering\RenderingSystem.cpp">
      <Filter>源文件</Filter>
    </ClCompile>
    <ClCompile Include="Core\System.cpp">
      <Filter>源文件</Filter>
    </ClCompile>
    <ClCompile Include="Tasks\WorkerThread.cpp">
      <Filter>源文件</Filter>
    </ClCompile>
    <ClCompile Include="Tasks\WorkQueue.cpp">
      <Filter>源文件</Filter>
    </ClCompile>
    <ClCompile Include="Tasks\Task.cpp">
      <Filter>源文件</Filter>
    </ClCompile>
    <ClCompile Include="Tasks\Mutex.cpp">
      <Filter>源文件</Filter>
    </ClCompile>
    <ClCompile Include="Resource\ResourceTask.cpp">
      <Filter>源文件</Filter>
    </ClCompile>
    <ClCompile Include="Resource\ResourceCache.cpp">
      <Filter>源文件</Filter>
    </ClCompile>
    <ClCompile Include="Rendering\H3DMesh.cpp">
      <Filter>源文件</Filter>
    </ClCompile>
    <ClCompile Include="Rendering\Mesh.cpp">
      <Filter>源文件</Filter>
    </ClCompile>
    <ClCompile Include="Rendering\RenderInterface.cpp">
      <Filter>源文件</Filter>
    </ClCompile>
    <ClCompile Include="Rendering\Node.cpp">
      <Filter>源文件</Filter>
    </ClCompile>
    <ClCompile Include="Rendering\RenderObject.cpp">
      <Filter>源文件</Filter>
    </ClCompile>
    <ClCompile Include="Rendering\Material.cpp">
      <Filter>源文件</Filter>
    </ClCompile>
    <ClCompile Include="Rendering\Texture.cpp">
      <Filter>源文件</Filter>
    </ClCompile>
    <ClCompile Include="Rendering\Shader.cpp">
      <Filter>源文件</Filter>
    </ClCompile>
    <ClCompile Include="Resource\BinarySerializer.cpp">
      <Filter>源文件</Filter>
    </ClCompile>
    <ClCompile Include="Rendering\BatchCompiler.cpp">
      <Filter>源文件</Filter>
    </ClCompile>
    <ClCompile Include="Rendering\RenderContext.cpp">
      <Filter>源文件</Filter>
    </ClCompile>
    <ClCompile Include="Resource\FileMappingLoader.cpp">
      <Filter>源文件</Filter>
    </ClCompile>
    <ClCompile Include="IO\ResourceLoader.cpp">
      <Filter>源文件</Filter>
    </ClCompile>
    <ClCompile Include="IO\Deserializer.cpp">
      <Filter>源文件</Filter>
    </ClCompile>
    <ClCompile Include="IO\FileLoader.cpp">
      <Filter>源文件</Filter>
    </ClCompile>
    <ClCompile Include="Resource\XMLParser.cpp">
      <Filter>源文件</Filter>
    </ClCompile>
    <ClCompile Include="Rendering\GPUResource.cpp">
      <Filter>源文件</Filter>
    </ClCompile>
    <ClCompile Include="Rendering\D3D11Render\D3D11Render.cpp">
      <Filter>源文件</Filter>
    </ClCompile>
    <ClCompile Include="Core\ObjectContainer.cpp">
      <Filter>源文件</Filter>
    </ClCompile>
    <ClCompile Include="Rendering\RenderingCamera.cpp">
      <Filter>源文件</Filter>
    </ClCompile>
    <ClCompile Include="Rendering\RenderView.cpp">
      <Filter>源文件</Filter>
    </ClCompile>
    <ClCompile Include="Rendering\CullingTask.cpp">
      <Filter>源文件</Filter>
    </ClCompile>
    <ClCompile Include="Rendering\Spatial.cpp">
      <Filter>源文件</Filter>
    </ClCompile>
    <ClCompile Include="Rendering\QuadTreeImp.cpp">
      <Filter>源文件</Filter>
    </ClCompile>
    <ClCompile Include="Rendering\BasicCullingImp.cpp">
      <Filter>源文件</Filter>
    </ClCompile>
    <ClCompile Include="Rendering\BasicPartition.cpp">
      <Filter>源文件</Filter>
    </ClCompile>
    <ClCompile Include="Rendering\RenderQueue.cpp">
      <Filter>源文件</Filter>
    </ClCompile>
    <ClCompile Include="Rendering\RenderProcesser.cpp">
      <Filter>源文件</Filter>
    </ClCompile>
    <ClCompile Include="Tasks\OsEvent.cpp">
      <Filter>源文件</Filter>
    </ClCompile>
    <ClCompile Include="Rendering\Camera.cpp">
      <Filter>源文件</Filter>
    </ClCompile>
    <ClCompile Include="Rendering\RenderControl.cpp">
      <Filter>源文件</Filter>
    </ClCompile>
    <ClCompile Include="Rendering\RenderStage.cpp">
      <Filter>源文件</Filter>
    </ClCompile>
    <ClCompile Include="Rendering\RenderingPath.cpp">
      <Filter>源文件</Filter>
    </ClCompile>
    <ClCompile Include="Rendering\PrepassStage.cpp">
      <Filter>源文件</Filter>
    </ClCompile>
    <ClCompile Include="Rendering\RenderLight.cpp">
      <Filter>源文件</Filter>
    </ClCompile>
    <ClCompile Include="Rendering\PostpassStage.cpp">
      <Filter>源文件</Filter>
    </ClCompile>
    <ClCompile Include="Rendering\RenderPreloading.cpp">
      <Filter>源文件</Filter>
    </ClCompile>
    <ClCompile Include="Rendering\ShadowMapStage.cpp">
      <Filter>源文件</Filter>
    </ClCompile>
    <ClCompile Include="Scene\Levelloader.cpp">
      <Filter>源文件</Filter>
    </ClCompile>
    <ClCompile Include="Math\LinearMath.cpp">
      <Filter>源文件</Filter>
    </ClCompile>
    <ClCompile Include="Resource\Level.cpp">
      <Filter>源文件</Filter>
    </ClCompile>
    <ClCompile Include="Rendering\Light.cpp">
      <Filter>源文件</Filter>
    </ClCompile>
    <ClCompile Include="Script\lua\lapi.c">
      <Filter>源文件</Filter>
    </ClCompile>
    <ClCompile Include="Script\lua\lauxlib.c">
      <Filter>源文件</Filter>
    </ClCompile>
    <ClCompile Include="Script\lua\lbaselib.c">
      <Filter>源文件</Filter>
    </ClCompile>
    <ClCompile Include="Script\lua\lbitlib.c">
      <Filter>源文件</Filter>
    </ClCompile>
    <ClCompile Include="Script\lua\lcode.c">
      <Filter>源文件</Filter>
    </ClCompile>
    <ClCompile Include="Script\lua\lcorolib.c">
      <Filter>源文件</Filter>
    </ClCompile>
    <ClCompile Include="Script\lua\lctype.c">
      <Filter>源文件</Filter>
    </ClCompile>
    <ClCompile Include="Script\lua\ldblib.c">
      <Filter>源文件</Filter>
    </ClCompile>
    <ClCompile Include="Script\lua\ldebug.c">
      <Filter>源文件</Filter>
    </ClCompile>
    <ClCompile Include="Script\lua\ldo.c">
      <Filter>源文件</Filter>
    </ClCompile>
    <ClCompile Include="Script\lua\ldump.c">
      <Filter>源文件</Filter>
    </ClCompile>
    <ClCompile Include="Script\lua\lfunc.c">
      <Filter>源文件</Filter>
    </ClCompile>
    <ClCompile Include="Script\lua\lgc.c">
      <Filter>源文件</Filter>
    </ClCompile>
    <ClCompile Include="Script\lua\linit.c">
      <Filter>源文件</Filter>
    </ClCompile>
    <ClCompile Include="Script\lua\liolib.c">
      <Filter>源文件</Filter>
    </ClCompile>
    <ClCompile Include="Script\lua\llex.c">
      <Filter>源文件</Filter>
    </ClCompile>
    <ClCompile Include="Script\lua\lmathlib.c">
      <Filter>源文件</Filter>
    </ClCompile>
    <ClCompile Include="Script\lua\lmem.c">
      <Filter>源文件</Filter>
    </ClCompile>
    <ClCompile Include="Script\lua\loadlib.c">
      <Filter>源文件</Filter>
    </ClCompile>
    <ClCompile Include="Script\lua\lobject.c">
      <Filter>源文件</Filter>
    </ClCompile>
    <ClCompile Include="Script\lua\lopcodes.c">
      <Filter>源文件</Filter>
    </ClCompile>
    <ClCompile Include="Script\lua\loslib.c">
      <Filter>源文件</Filter>
    </ClCompile>
    <ClCompile Include="Script\lua\lparser.c">
      <Filter>源文件</Filter>
    </ClCompile>
    <ClCompile Include="Script\lua\lstate.c">
      <Filter>源文件</Filter>
    </ClCompile>
    <ClCompile Include="Script\lua\lstring.c">
      <Filter>源文件</Filter>
    </ClCompile>
    <ClCompile Include="Script\lua\lstrlib.c">
      <Filter>源文件</Filter>
    </ClCompile>
    <ClCompile Include="Script\lua\ltable.c">
      <Filter>源文件</Filter>
    </ClCompile>
    <ClCompile Include="Script\lua\ltablib.c">
      <Filter>源文件</Filter>
    </ClCompile>
    <ClCompile Include="Script\lua\ltm.c">
      <Filter>源文件</Filter>
    </ClCompile>
    <ClCompile Include="Script\lua\lundump.c">
      <Filter>源文件</Filter>
    </ClCompile>
    <ClCompile Include="Script\lua\lutf8lib.c">
      <Filter>源文件</Filter>
    </ClCompile>
    <ClCompile Include="Script\lua\lvm.c">
      <Filter>源文件</Filter>
    </ClCompile>
    <ClCompile Include="Script\lua\lzio.c">
      <Filter>源文件</Filter>
    </ClCompile>
    <ClCompile Include="Script\Register.cpp">
      <Filter>源文件</Filter>
    </ClCompile>
    <ClCompile Include="Script\ScriptingSystem.cpp">
      <Filter>源文件</Filter>
    </ClCompile>
    <ClCompile Include="Script\ConsoleTask.cpp">
      <Filter>源文件</Filter>
    </ClCompile>
    <ClCompile Include="Core\ObjectTypeId.cpp">
      <Filter>源文件</Filter>
    </ClCompile>
    <ClCompile Include="Input\InputSystem.cpp">
      <Filter>源文件</Filter>
    </ClCompile>
    <ClCompile Include="Input\InputHandler.cpp">
      <Filter>源文件</Filter>
    </ClCompile>
    <ClCompile Include="Rendering\D3D12Render\D3D12Render.cpp">
      <Filter>源文件</Filter>
    </ClCompile>
    <ClCompile Include="Rendering\D3D12Render\CommandContext.cpp">
      <Filter>源文件</Filter>
    </ClCompile>
    <ClCompile Include="Rendering\D3D12Render\CommandQueue.cpp">
      <Filter>源文件</Filter>
    </ClCompile>
    <ClCompile Include="Rendering\D3D12Render\DDSTextureLoader12.cpp">
      <Filter>源文件</Filter>
    </ClCompile>
    <ClCompile Include="Tasks\ThreadLocal.cpp">
      <Filter>源文件</Filter>
    </ClCompile>
    <ClCompile Include="Rendering\D3D12Render\Heap.cpp">
      <Filter>源文件</Filter>
    </ClCompile>
    <ClCompile Include="Rendering\D3D12Render\RootSignature.cpp">
      <Filter>源文件</Filter>
    </ClCompile>
    <ClCompile Include="Rendering\D3D12Render\DescriptorHeap.cpp">
      <Filter>源文件</Filter>
    </ClCompile>
    <ClCompile Include="Rendering\D3D12Render\PSOCache.cpp">
      <Filter>源文件</Filter>
    </ClCompile>
    <ClCompile Include="Tasks\Semaphore.cpp">
      <Filter>源文件</Filter>
    </ClCompile>
    <ClCompile Include="Core\StringTable.cpp">
      <Filter>源文件</Filter>
    </ClCompile>
    <ClCompile Include="Script\Script.cpp">
      <Filter>源文件</Filter>
    </ClCompile>
    <ClCompile Include="Script\LuaStack.cpp">
      <Filter>源文件</Filter>
    </ClCompile>
    <ClCompile Include="Physics\PhysicsSystem.cpp">
      <Filter>源文件</Filter>
    </ClCompile>
    <ClCompile Include="Physics\PhysicsObject.cpp">
      <Filter>源文件</Filter>
    </ClCompile>
    <ClCompile Include="Physics\GLDebuger\GLDebugDrawer.cpp">
      <Filter>源文件</Filter>
    </ClCompile>
    <ClCompile Include="Physics\GLDebuger\GLDebugFont.cpp">
      <Filter>源文件</Filter>
    </ClCompile>
    <ClCompile Include="Rendering\RenderToTextureStage.cpp">
      <Filter>源文件</Filter>
    </ClCompile>
    <ClCompile Include="Animation\Animator.cpp">
      <Filter>源文件</Filter>
    </ClCompile>
    <ClCompile Include="Animation\Animation.cpp">
      <Filter>源文件</Filter>
    </ClCompile>
    <ClCompile Include="Animation\AnimationClip.cpp">
      <Filter>源文件</Filter>
    </ClCompile>
    <ClCompile Include="Animation\AnimationTrack.cpp">
      <Filter>源文件</Filter>
    </ClCompile>
    <ClCompile Include="Animation\Skeleton.cpp">
      <Filter>源文件</Filter>
    </ClCompile>
    <ClCompile Include="Animation\AnimationCache.cpp">
      <Filter>源文件</Filter>
    </ClCompile>
    <ClCompile Include="Animation\AnimationStage.cpp">
      <Filter>源文件</Filter>
    </ClCompile>
    <ClCompile Include="Animation\AnimationSystem.cpp">
      <Filter>源文件</Filter>
    </ClCompile>
    <ClCompile Include="Animation\BlendingNode.cpp">
      <Filter>源文件</Filter>
    </ClCompile>
    <ClCompile Include="Animation\BlendShape.cpp">
      <Filter>源文件</Filter>
    </ClCompile>
    <ClCompile Include="IO\Serializer.cpp">
      <Filter>源文件</Filter>
    </ClCompile>
    <ClCompile Include="IO\FileMapping.cpp">
      <Filter>源文件</Filter>
    </ClCompile>
    <ClCompile Include="Physics\CharacterController.cpp">
      <Filter>源文件</Filter>
    </ClCompile>
    <ClCompile Include="Rendering\D3D12Render\RaytracingScene.cpp">
      <Filter>源文件</Filter>
    </ClCompile>
    <ClCompile Include="Rendering\D3D12Render\ReuseHeap.cpp">
      <Filter>源文件</Filter>
    </ClCompile>
    <ClCompile Include="Rendering\RaytracingStage.cpp">
      <Filter>源文件</Filter>
    </ClCompile>
    <ClCompile Include="Rendering\ShaderLibrary.cpp">
      <Filter>源文件</Filter>
    </ClCompile>
    <ClCompile Include="Rendering\D3D12Render\ShaderBindingTable.cpp">
      <Filter>源文件</Filter>
    </ClCompile>
    <ClCompile Include="Rendering\TerrainNode.cpp">
      <Filter>源文件</Filter>
    </ClCompile>
    <ClCompile Include="Rendering\TerrainPayload.cpp">
      <Filter>源文件</Filter>
    </ClCompile>
    <ClCompile Include="Rendering\Terrain.cpp">
      <Filter>源文件</Filter>
    </ClCompile>
    <ClCompile Include="Rendering\D3D12Renderer\D3D12Renderer.cpp">
      <Filter>源文件</Filter>
    </ClCompile>
    <ClCompile Include="Rendering\D3D12Renderer\DDSTextureLoader12.cpp">
      <Filter>源文件</Filter>
    </ClCompile>
    <ClCompile Include="Rendering\D3D12Renderer\D3d12Resource.cpp">
      <Filter>源文件</Filter>
    </ClCompile>
  </ItemGroup>
  <ItemGroup>
    <None Include="packages.config" />
  </ItemGroup>
</Project>