<?xml version="1.0" encoding="utf-8"?>
<Project ToolsVersion="4.0" xmlns="http://schemas.microsoft.com/developer/msbuild/2003">
  <ItemGroup>
    <Filter Include="Extras">
      <UniqueIdentifier>{7C0290B1-68A4-BA87-515F-CEDB3DA041D8}</UniqueIdentifier>
    </Filter>
    <Filter Include="Extras\Serialize">
      <UniqueIdentifier>{339B9933-1F94-B885-48C6-9D0A341E9891}</UniqueIdentifier>
    </Filter>
    <Filter Include="Extras\Serialize\BulletXmlWorldImporter">
      <UniqueIdentifier>{F5B1E7BA-6141-A9A5-6A3D-8ABDD64BE4B1}</UniqueIdentifier>
    </Filter>
    <Filter Include="examples">
      <UniqueIdentifier>{84D830B1-70A5-8BBC-99BE-796485EAC04A}</UniqueIdentifier>
    </Filter>
    <Filter Include="examples\ThirdPartyLibs">
      <UniqueIdentifier>{487E27CE-B4B5-6F65-BDBF-D3882976965E}</UniqueIdentifier>
    </Filter>
    <Filter Include="examples\ThirdPartyLibs\tinyxml2">
      <UniqueIdentifier>{FEE4260D-EA35-124F-139A-0011FF49A5B8}</UniqueIdentifier>
    </Filter>
  </ItemGroup>
  <ItemGroup>
    <ClInclude Include="..\..\Extras\Serialize\BulletXmlWorldImporter\btBulletXmlWorldImporter.h">
      <Filter>Extras\Serialize\BulletXmlWorldImporter</Filter>
    </ClInclude>
    <ClInclude Include="..\..\Extras\Serialize\BulletXmlWorldImporter\string_split.h">
      <Filter>Extras\Serialize\BulletXmlWorldImporter</Filter>
    </ClInclude>
  </ItemGroup>
  <ItemGroup>
    <ClCompile Include="..\..\Extras\Serialize\BulletXmlWorldImporter\btBulletXmlWorldImporter.cpp">
      <Filter>Extras\Serialize\BulletXmlWorldImporter</Filter>
    </ClCompile>
    <ClCompile Include="..\..\Extras\Serialize\BulletXmlWorldImporter\string_split.cpp">
      <Filter>Extras\Serialize\BulletXmlWorldImporter</Filter>
    </ClCompile>
    <ClCompile Include="..\..\examples\ThirdPartyLibs\tinyxml2\tinyxml2.cpp">
      <Filter>examples\ThirdPartyLibs\tinyxml2</Filter>
    </ClCompile>
  </ItemGroup>
</Project>