<?xml version="1.0" encoding="utf-8"?>
<Project ToolsVersion="4.0" xmlns="http://schemas.microsoft.com/developer/msbuild/2003">
  <ItemGroup>
    <Filter Include="BroadPhaseCollision">
      <UniqueIdentifier>{2A233C20-9684-192E-1FF2-5FE08B5250ED}</UniqueIdentifier>
    </Filter>
    <Filter Include="BroadPhaseCollision\shared">
      <UniqueIdentifier>{302F67FD-1C3F-13CE-85F8-77EC71270267}</UniqueIdentifier>
    </Filter>
    <Filter Include="NarrowPhaseCollision">
      <UniqueIdentifier>{DB209DB2-C7AF-267C-70CE-3A775C3C3722}</UniqueIdentifier>
    </Filter>
    <Filter Include="NarrowPhaseCollision\shared">
      <UniqueIdentifier>{C1BBAD8C-2DC9-DB72-B6AF-D75D22BCA729}</UniqueIdentifier>
    </Filter>
  </ItemGroup>
  <ItemGroup>
    <ClInclude Include="..\..\src\Bullet3Collision\BroadPhaseCollision\b3BroadphaseCallback.h">
      <Filter>BroadPhaseCollision</Filter>
    </ClInclude>
    <ClInclude Include="..\..\src\Bullet3Collision\BroadPhaseCollision\b3DynamicBvh.h">
      <Filter>BroadPhaseCollision</Filter>
    </ClInclude>
    <ClInclude Include="..\..\src\Bullet3Collision\BroadPhaseCollision\b3DynamicBvhBroadphase.h">
      <Filter>BroadPhaseCollision</Filter>
    </ClInclude>
    <ClInclude Include="..\..\src\Bullet3Collision\BroadPhaseCollision\b3OverlappingPair.h">
      <Filter>BroadPhaseCollision</Filter>
    </ClInclude>
    <ClInclude Include="..\..\src\Bullet3Collision\BroadPhaseCollision\b3OverlappingPairCache.h">
      <Filter>BroadPhaseCollision</Filter>
    </ClInclude>
    <ClInclude Include="..\..\src\Bullet3Collision\BroadPhaseCollision\shared\b3Aabb.h">
      <Filter>BroadPhaseCollision\shared</Filter>
    </ClInclude>
    <ClInclude Include="..\..\src\Bullet3Collision\NarrowPhaseCollision\b3Config.h">
      <Filter>NarrowPhaseCollision</Filter>
    </ClInclude>
    <ClInclude Include="..\..\src\Bullet3Collision\NarrowPhaseCollision\b3Contact4.h">
      <Filter>NarrowPhaseCollision</Filter>
    </ClInclude>
    <ClInclude Include="..\..\src\Bullet3Collision\NarrowPhaseCollision\b3ConvexUtility.h">
      <Filter>NarrowPhaseCollision</Filter>
    </ClInclude>
    <ClInclude Include="..\..\src\Bullet3Collision\NarrowPhaseCollision\b3CpuNarrowPhase.h">
      <Filter>NarrowPhaseCollision</Filter>
    </ClInclude>
    <ClInclude Include="..\..\src\Bullet3Collision\NarrowPhaseCollision\b3RaycastInfo.h">
      <Filter>NarrowPhaseCollision</Filter>
    </ClInclude>
    <ClInclude Include="..\..\src\Bullet3Collision\NarrowPhaseCollision\b3RigidBodyCL.h">
      <Filter>NarrowPhaseCollision</Filter>
    </ClInclude>
    <ClInclude Include="..\..\src\Bullet3Collision\NarrowPhaseCollision\shared\b3BvhSubtreeInfoData.h">
      <Filter>NarrowPhaseCollision\shared</Filter>
    </ClInclude>
    <ClInclude Include="..\..\src\Bullet3Collision\NarrowPhaseCollision\shared\b3BvhTraversal.h">
      <Filter>NarrowPhaseCollision\shared</Filter>
    </ClInclude>
    <ClInclude Include="..\..\src\Bullet3Collision\NarrowPhaseCollision\shared\b3ClipFaces.h">
      <Filter>NarrowPhaseCollision\shared</Filter>
    </ClInclude>
    <ClInclude Include="..\..\src\Bullet3Collision\NarrowPhaseCollision\shared\b3Collidable.h">
      <Filter>NarrowPhaseCollision\shared</Filter>
    </ClInclude>
    <ClInclude Include="..\..\src\Bullet3Collision\NarrowPhaseCollision\shared\b3Contact4Data.h">
      <Filter>NarrowPhaseCollision\shared</Filter>
    </ClInclude>
    <ClInclude Include="..\..\src\Bullet3Collision\NarrowPhaseCollision\shared\b3ContactConvexConvexSAT.h">
      <Filter>NarrowPhaseCollision\shared</Filter>
    </ClInclude>
    <ClInclude Include="..\..\src\Bullet3Collision\NarrowPhaseCollision\shared\b3ContactSphereSphere.h">
      <Filter>NarrowPhaseCollision\shared</Filter>
    </ClInclude>
    <ClInclude Include="..\..\src\Bullet3Collision\NarrowPhaseCollision\shared\b3ConvexPolyhedronData.h">
      <Filter>NarrowPhaseCollision\shared</Filter>
    </ClInclude>
    <ClInclude Include="..\..\src\Bullet3Collision\NarrowPhaseCollision\shared\b3FindConcaveSatAxis.h">
      <Filter>NarrowPhaseCollision\shared</Filter>
    </ClInclude>
    <ClInclude Include="..\..\src\Bullet3Collision\NarrowPhaseCollision\shared\b3FindSeparatingAxis.h">
      <Filter>NarrowPhaseCollision\shared</Filter>
    </ClInclude>
    <ClInclude Include="..\..\src\Bullet3Collision\NarrowPhaseCollision\shared\b3MprPenetration.h">
      <Filter>NarrowPhaseCollision\shared</Filter>
    </ClInclude>
    <ClInclude Include="..\..\src\Bullet3Collision\NarrowPhaseCollision\shared\b3NewContactReduction.h">
      <Filter>NarrowPhaseCollision\shared</Filter>
    </ClInclude>
    <ClInclude Include="..\..\src\Bullet3Collision\NarrowPhaseCollision\shared\b3QuantizedBvhNodeData.h">
      <Filter>NarrowPhaseCollision\shared</Filter>
    </ClInclude>
    <ClInclude Include="..\..\src\Bullet3Collision\NarrowPhaseCollision\shared\b3ReduceContacts.h">
      <Filter>NarrowPhaseCollision\shared</Filter>
    </ClInclude>
    <ClInclude Include="..\..\src\Bullet3Collision\NarrowPhaseCollision\shared\b3RigidBodyData.h">
      <Filter>NarrowPhaseCollision\shared</Filter>
    </ClInclude>
    <ClInclude Include="..\..\src\Bullet3Collision\NarrowPhaseCollision\shared\b3UpdateAabbs.h">
      <Filter>NarrowPhaseCollision\shared</Filter>
    </ClInclude>
  </ItemGroup>
  <ItemGroup>
    <ClCompile Include="..\..\src\Bullet3Collision\BroadPhaseCollision\b3DynamicBvh.cpp">
      <Filter>BroadPhaseCollision</Filter>
    </ClCompile>
    <ClCompile Include="..\..\src\Bullet3Collision\BroadPhaseCollision\b3DynamicBvhBroadphase.cpp">
      <Filter>BroadPhaseCollision</Filter>
    </ClCompile>
    <ClCompile Include="..\..\src\Bullet3Collision\BroadPhaseCollision\b3OverlappingPairCache.cpp">
      <Filter>BroadPhaseCollision</Filter>
    </ClCompile>
    <ClCompile Include="..\..\src\Bullet3Collision\NarrowPhaseCollision\b3ConvexUtility.cpp">
      <Filter>NarrowPhaseCollision</Filter>
    </ClCompile>
    <ClCompile Include="..\..\src\Bullet3Collision\NarrowPhaseCollision\b3CpuNarrowPhase.cpp">
      <Filter>NarrowPhaseCollision</Filter>
    </ClCompile>
  </ItemGroup>
</Project>