<?xml version="1.0" encoding="utf-8"?>
<Project ToolsVersion="4.0" xmlns="http://schemas.microsoft.com/developer/msbuild/2003">
  <ItemGroup>
    <Filter Include="ConstraintSolver">
      <UniqueIdentifier>{256EF0E8-1167-0F3B-3A99-F4BF26F1EE46}</UniqueIdentifier>
    </Filter>
    <Filter Include="shared">
      <UniqueIdentifier>{9C5CB11B-88FE-DBF1-71B9-EF455DFA6242}</UniqueIdentifier>
    </Filter>
  </ItemGroup>
  <ItemGroup>
    <ClInclude Include="..\..\src\Bullet3Dynamics\ConstraintSolver\b3ContactSolverInfo.h">
      <Filter>ConstraintSolver</Filter>
    </ClInclude>
    <ClInclude Include="..\..\src\Bullet3Dynamics\ConstraintSolver\b3FixedConstraint.h">
      <Filter>ConstraintSolver</Filter>
    </ClInclude>
    <ClInclude Include="..\..\src\Bullet3Dynamics\ConstraintSolver\b3Generic6DofConstraint.h">
      <Filter>ConstraintSolver</Filter>
    </ClInclude>
    <ClInclude Include="..\..\src\Bullet3Dynamics\ConstraintSolver\b3JacobianEntry.h">
      <Filter>ConstraintSolver</Filter>
    </ClInclude>
    <ClInclude Include="..\..\src\Bullet3Dynamics\ConstraintSolver\b3PgsJacobiSolver.h">
      <Filter>ConstraintSolver</Filter>
    </ClInclude>
    <ClInclude Include="..\..\src\Bullet3Dynamics\ConstraintSolver\b3Point2PointConstraint.h">
      <Filter>ConstraintSolver</Filter>
    </ClInclude>
    <ClInclude Include="..\..\src\Bullet3Dynamics\ConstraintSolver\b3SolverBody.h">
      <Filter>ConstraintSolver</Filter>
    </ClInclude>
    <ClInclude Include="..\..\src\Bullet3Dynamics\ConstraintSolver\b3SolverConstraint.h">
      <Filter>ConstraintSolver</Filter>
    </ClInclude>
    <ClInclude Include="..\..\src\Bullet3Dynamics\ConstraintSolver\b3TypedConstraint.h">
      <Filter>ConstraintSolver</Filter>
    </ClInclude>
    <ClInclude Include="..\..\src\Bullet3Dynamics\b3CpuRigidBodyPipeline.h" />
    <ClInclude Include="..\..\src\Bullet3Dynamics\shared\b3ContactConstraint4.h">
      <Filter>shared</Filter>
    </ClInclude>
    <ClInclude Include="..\..\src\Bullet3Dynamics\shared\b3ConvertConstraint4.h">
      <Filter>shared</Filter>
    </ClInclude>
    <ClInclude Include="..\..\src\Bullet3Dynamics\shared\b3Inertia.h">
      <Filter>shared</Filter>
    </ClInclude>
    <ClInclude Include="..\..\src\Bullet3Dynamics\shared\b3IntegrateTransforms.h">
      <Filter>shared</Filter>
    </ClInclude>
  </ItemGroup>
  <ItemGroup>
    <ClCompile Include="..\..\src\Bullet3Dynamics\ConstraintSolver\b3FixedConstraint.cpp">
      <Filter>ConstraintSolver</Filter>
    </ClCompile>
    <ClCompile Include="..\..\src\Bullet3Dynamics\ConstraintSolver\b3Generic6DofConstraint.cpp">
      <Filter>ConstraintSolver</Filter>
    </ClCompile>
    <ClCompile Include="..\..\src\Bullet3Dynamics\ConstraintSolver\b3PgsJacobiSolver.cpp">
      <Filter>ConstraintSolver</Filter>
    </ClCompile>
    <ClCompile Include="..\..\src\Bullet3Dynamics\ConstraintSolver\b3Point2PointConstraint.cpp">
      <Filter>ConstraintSolver</Filter>
    </ClCompile>
    <ClCompile Include="..\..\src\Bullet3Dynamics\ConstraintSolver\b3TypedConstraint.cpp">
      <Filter>ConstraintSolver</Filter>
    </ClCompile>
    <ClCompile Include="..\..\src\Bullet3Dynamics\b3CpuRigidBodyPipeline.cpp" />
  </ItemGroup>
</Project>