<?xml version="1.0" encoding="utf-8"?>
<Project ToolsVersion="4.0" xmlns="http://schemas.microsoft.com/developer/msbuild/2003">
  <ItemGroup>
    <Filter Include="TaskScheduler">
      <UniqueIdentifier>{172AD4F7-83EA-4F2E-4C25-99ABB8A4940A}</UniqueIdentifier>
    </Filter>
  </ItemGroup>
  <ItemGroup>
    <ClInclude Include="..\..\src\LinearMath\TaskScheduler\btThreadSupportInterface.h">
      <Filter>TaskScheduler</Filter>
    </ClInclude>
    <ClInclude Include="..\..\src\LinearMath\btAabbUtil2.h" />
    <ClInclude Include="..\..\src\LinearMath\btAlignedAllocator.h" />
    <ClInclude Include="..\..\src\LinearMath\btAlignedObjectArray.h" />
    <ClInclude Include="..\..\src\LinearMath\btConvexHull.h" />
    <ClInclude Include="..\..\src\LinearMath\btConvexHullComputer.h" />
    <ClInclude Include="..\..\src\LinearMath\btCpuFeatureUtility.h" />
    <ClInclude Include="..\..\src\LinearMath\btDefaultMotionState.h" />
    <ClInclude Include="..\..\src\LinearMath\btGeometryUtil.h" />
    <ClInclude Include="..\..\src\LinearMath\btGrahamScan2dConvexHull.h" />
    <ClInclude Include="..\..\src\LinearMath\btHashMap.h" />
    <ClInclude Include="..\..\src\LinearMath\btIDebugDraw.h" />
    <ClInclude Include="..\..\src\LinearMath\btList.h" />
    <ClInclude Include="..\..\src\LinearMath\btMatrix3x3.h" />
    <ClInclude Include="..\..\src\LinearMath\btMatrixX.h" />
    <ClInclude Include="..\..\src\LinearMath\btMinMax.h" />
    <ClInclude Include="..\..\src\LinearMath\btMotionState.h" />
    <ClInclude Include="..\..\src\LinearMath\btPolarDecomposition.h" />
    <ClInclude Include="..\..\src\LinearMath\btPoolAllocator.h" />
    <ClInclude Include="..\..\src\LinearMath\btQuadWord.h" />
    <ClInclude Include="..\..\src\LinearMath\btQuaternion.h" />
    <ClInclude Include="..\..\src\LinearMath\btQuickprof.h" />
    <ClInclude Include="..\..\src\LinearMath\btRandom.h" />
    <ClInclude Include="..\..\src\LinearMath\btScalar.h" />
    <ClInclude Include="..\..\src\LinearMath\btSerializer.h" />
    <ClInclude Include="..\..\src\LinearMath\btSpatialAlgebra.h" />
    <ClInclude Include="..\..\src\LinearMath\btStackAlloc.h" />
    <ClInclude Include="..\..\src\LinearMath\btThreads.h" />
    <ClInclude Include="..\..\src\LinearMath\btTransform.h" />
    <ClInclude Include="..\..\src\LinearMath\btTransformUtil.h" />
    <ClInclude Include="..\..\src\LinearMath\btVector3.h" />
  </ItemGroup>
  <ItemGroup>
    <ClCompile Include="..\..\src\LinearMath\TaskScheduler\btTaskScheduler.cpp">
      <Filter>TaskScheduler</Filter>
    </ClCompile>
    <ClCompile Include="..\..\src\LinearMath\TaskScheduler\btThreadSupportPosix.cpp">
      <Filter>TaskScheduler</Filter>
    </ClCompile>
    <ClCompile Include="..\..\src\LinearMath\TaskScheduler\btThreadSupportWin32.cpp">
      <Filter>TaskScheduler</Filter>
    </ClCompile>
    <ClCompile Include="..\..\src\LinearMath\btAlignedAllocator.cpp" />
    <ClCompile Include="..\..\src\LinearMath\btConvexHull.cpp" />
    <ClCompile Include="..\..\src\LinearMath\btConvexHullComputer.cpp" />
    <ClCompile Include="..\..\src\LinearMath\btGeometryUtil.cpp" />
    <ClCompile Include="..\..\src\LinearMath\btPolarDecomposition.cpp" />
    <ClCompile Include="..\..\src\LinearMath\btQuickprof.cpp" />
    <ClCompile Include="..\..\src\LinearMath\btSerializer.cpp" />
    <ClCompile Include="..\..\src\LinearMath\btSerializer64.cpp" />
    <ClCompile Include="..\..\src\LinearMath\btThreads.cpp" />
    <ClCompile Include="..\..\src\LinearMath\btVector3.cpp" />
  </ItemGroup>
</Project>