<?xml version="1.0" encoding="utf-8"?>
<Project ToolsVersion="4.0" xmlns="http://schemas.microsoft.com/developer/msbuild/2003">
  <ItemGroup>
    <Filter Include="Importers">
      <UniqueIdentifier>{2ADC577A-9646-0CF1-DF84-BD964B2EEA45}</UniqueIdentifier>
    </Filter>
    <Filter Include="Importers\ImportColladaDemo">
      <UniqueIdentifier>{E9118570-551F-B356-DE05-AF414A127F0D}</UniqueIdentifier>
    </Filter>
    <Filter Include="Importers\ImportMeshUtility">
      <UniqueIdentifier>{D5B45886-41C2-866C-CAA8-825736B55223}</UniqueIdentifier>
    </Filter>
    <Filter Include="Importers\ImportObjDemo">
      <UniqueIdentifier>{F464FE80-609C-4618-69A6-AA3BD55C6D11}</UniqueIdentifier>
    </Filter>
    <Filter Include="OpenGLWindow">
      <UniqueIdentifier>{82AB16A5-6E0E-A649-1794-DEFF03D671CC}</UniqueIdentifier>
    </Filter>
    <Filter Include="SharedMemory">
      <UniqueIdentifier>{754556CF-61A8-E573-0A2E-1E2AF66FB1F6}</UniqueIdentifier>
    </Filter>
    <Filter Include="SharedMemory\plugins">
      <UniqueIdentifier>{6633A89E-52C2-3168-FBE0-4563E74E420E}</UniqueIdentifier>
    </Filter>
    <Filter Include="SharedMemory\plugins\tinyRendererPlugin">
      <UniqueIdentifier>{BF9AF197-2B2A-B382-3426-949AA034EE8E}</UniqueIdentifier>
    </Filter>
    <Filter Include="ThirdPartyLibs">
      <UniqueIdentifier>{9AF1E211-86BF-D617-6F53-473E5BC0B27C}</UniqueIdentifier>
    </Filter>
    <Filter Include="ThirdPartyLibs\Wavefront">
      <UniqueIdentifier>{A5255D1C-914A-AC9C-BA95-912CA619ABBA}</UniqueIdentifier>
    </Filter>
    <Filter Include="ThirdPartyLibs\stb_image">
      <UniqueIdentifier>{B4EA8351-A00F-D3D1-C95A-B861B5DED1EF}</UniqueIdentifier>
    </Filter>
    <Filter Include="ThirdPartyLibs\tinyxml2">
      <UniqueIdentifier>{9034D6BD-FC6B-1E55-0576-8278712C454E}</UniqueIdentifier>
    </Filter>
    <Filter Include="TinyRenderer">
      <UniqueIdentifier>{200A92FA-0C6D-219F-B5F2-5955A134ED21}</UniqueIdentifier>
    </Filter>
    <Filter Include="Utils">
      <UniqueIdentifier>{F68B420E-62A0-6ABF-2B22-0E1F97F566F0}</UniqueIdentifier>
    </Filter>
  </ItemGroup>
  <ItemGroup>
    <ClInclude Include="..\..\examples\Importers\ImportColladaDemo\LoadMeshFromCollada.h">
      <Filter>Importers\ImportColladaDemo</Filter>
    </ClInclude>
    <ClInclude Include="..\..\examples\Importers\ImportMeshUtility\b3ImportMeshUtility.h">
      <Filter>Importers\ImportMeshUtility</Filter>
    </ClInclude>
    <ClInclude Include="..\..\examples\Importers\ImportObjDemo\LoadMeshFromObj.h">
      <Filter>Importers\ImportObjDemo</Filter>
    </ClInclude>
    <ClInclude Include="..\..\examples\Importers\ImportObjDemo\Wavefront2GLInstanceGraphicsShape.h">
      <Filter>Importers\ImportObjDemo</Filter>
    </ClInclude>
    <ClInclude Include="..\..\examples\OpenGLWindow\SimpleCamera.h">
      <Filter>OpenGLWindow</Filter>
    </ClInclude>
    <ClInclude Include="..\..\examples\SharedMemory\plugins\tinyRendererPlugin\TinyRendererVisualShapeConverter.h">
      <Filter>SharedMemory\plugins\tinyRendererPlugin</Filter>
    </ClInclude>
    <ClInclude Include="..\..\examples\SharedMemory\plugins\tinyRendererPlugin\tinyRendererPlugin.h">
      <Filter>SharedMemory\plugins\tinyRendererPlugin</Filter>
    </ClInclude>
    <ClInclude Include="..\..\examples\ThirdPartyLibs\Wavefront\tiny_obj_loader.h">
      <Filter>ThirdPartyLibs\Wavefront</Filter>
    </ClInclude>
    <ClInclude Include="..\..\examples\ThirdPartyLibs\stb_image\stb_image.h">
      <Filter>ThirdPartyLibs\stb_image</Filter>
    </ClInclude>
    <ClInclude Include="..\..\examples\ThirdPartyLibs\tinyxml2\tinyxml2.h">
      <Filter>ThirdPartyLibs\tinyxml2</Filter>
    </ClInclude>
    <ClInclude Include="..\..\examples\Utils\b3Clock.h">
      <Filter>Utils</Filter>
    </ClInclude>
    <ClInclude Include="..\..\examples\Utils\b3ResourcePath.h">
      <Filter>Utils</Filter>
    </ClInclude>
  </ItemGroup>
  <ItemGroup>
    <ClCompile Include="..\..\examples\Importers\ImportColladaDemo\LoadMeshFromCollada.cpp">
      <Filter>Importers\ImportColladaDemo</Filter>
    </ClCompile>
    <ClCompile Include="..\..\examples\Importers\ImportMeshUtility\b3ImportMeshUtility.cpp">
      <Filter>Importers\ImportMeshUtility</Filter>
    </ClCompile>
    <ClCompile Include="..\..\examples\Importers\ImportObjDemo\LoadMeshFromObj.cpp">
      <Filter>Importers\ImportObjDemo</Filter>
    </ClCompile>
    <ClCompile Include="..\..\examples\Importers\ImportObjDemo\Wavefront2GLInstanceGraphicsShape.cpp">
      <Filter>Importers\ImportObjDemo</Filter>
    </ClCompile>
    <ClCompile Include="..\..\examples\OpenGLWindow\SimpleCamera.cpp">
      <Filter>OpenGLWindow</Filter>
    </ClCompile>
    <ClCompile Include="..\..\examples\SharedMemory\plugins\tinyRendererPlugin\TinyRendererVisualShapeConverter.cpp">
      <Filter>SharedMemory\plugins\tinyRendererPlugin</Filter>
    </ClCompile>
    <ClCompile Include="..\..\examples\SharedMemory\plugins\tinyRendererPlugin\tinyRendererPlugin.cpp">
      <Filter>SharedMemory\plugins\tinyRendererPlugin</Filter>
    </ClCompile>
    <ClCompile Include="..\..\examples\ThirdPartyLibs\Wavefront\tiny_obj_loader.cpp">
      <Filter>ThirdPartyLibs\Wavefront</Filter>
    </ClCompile>
    <ClCompile Include="..\..\examples\ThirdPartyLibs\stb_image\stb_image.cpp">
      <Filter>ThirdPartyLibs\stb_image</Filter>
    </ClCompile>
    <ClCompile Include="..\..\examples\ThirdPartyLibs\tinyxml2\tinyxml2.cpp">
      <Filter>ThirdPartyLibs\tinyxml2</Filter>
    </ClCompile>
    <ClCompile Include="..\..\examples\TinyRenderer\TinyRenderer.cpp">
      <Filter>TinyRenderer</Filter>
    </ClCompile>
    <ClCompile Include="..\..\examples\TinyRenderer\geometry.cpp">
      <Filter>TinyRenderer</Filter>
    </ClCompile>
    <ClCompile Include="..\..\examples\TinyRenderer\model.cpp">
      <Filter>TinyRenderer</Filter>
    </ClCompile>
    <ClCompile Include="..\..\examples\TinyRenderer\our_gl.cpp">
      <Filter>TinyRenderer</Filter>
    </ClCompile>
    <ClCompile Include="..\..\examples\TinyRenderer\tgaimage.cpp">
      <Filter>TinyRenderer</Filter>
    </ClCompile>
    <ClCompile Include="..\..\examples\Utils\b3Clock.cpp">
      <Filter>Utils</Filter>
    </ClCompile>
    <ClCompile Include="..\..\examples\Utils\b3ResourcePath.cpp">
      <Filter>Utils</Filter>
    </ClCompile>
  </ItemGroup>
</Project>