<?xml version="1.0" encoding="utf-8"?>
<Project ToolsVersion="4.0" xmlns="http://schemas.microsoft.com/developer/msbuild/2003">
  <ItemGroup>
    <Filter Include="src">
      <UniqueIdentifier>{2DAB880B-99B4-887C-2230-9F7C8E38947C}</UniqueIdentifier>
    </Filter>
    <Filter Include="src\BulletCollision">
      <UniqueIdentifier>{D038BBDF-3C9A-98ED-C507-DF9F3168CFAC}</UniqueIdentifier>
    </Filter>
    <Filter Include="src\BulletCollision\CollisionShapes">
      <UniqueIdentifier>{6F715155-DB2A-BCFF-648A-D6D9D042726F}</UniqueIdentifier>
    </Filter>
    <Filter Include="src\BulletCollision\NarrowPhaseCollision">
      <UniqueIdentifier>{D57F1C8D-C1FC-0FD0-EA79-10E4D655AC63}</UniqueIdentifier>
    </Filter>
    <Filter Include="test">
      <UniqueIdentifier>{65689E7C-519F-9F0D-FA8B-8510E6A11B0F}</UniqueIdentifier>
    </Filter>
    <Filter Include="test\collision">
      <UniqueIdentifier>{E03F1B59-CC0D-0F5F-B5A1-7F85A10EEBC3}</UniqueIdentifier>
    </Filter>
  </ItemGroup>
  <ItemGroup>
    <ClInclude Include="..\..\src\BulletCollision\NarrowPhaseCollision\btVoronoiSimplexSolver.h">
      <Filter>src\BulletCollision\NarrowPhaseCollision</Filter>
    </ClInclude>
    <ClInclude Include="..\..\test\collision\SphereSphereCollision.h">
      <Filter>test\collision</Filter>
    </ClInclude>
    <ClInclude Include="..\..\test\collision\btDistanceInfo.h">
      <Filter>test\collision</Filter>
    </ClInclude>
  </ItemGroup>
  <ItemGroup>
    <ClCompile Include="..\..\src\BulletCollision\CollisionShapes\btCollisionShape.cpp">
      <Filter>src\BulletCollision\CollisionShapes</Filter>
    </ClCompile>
    <ClCompile Include="..\..\src\BulletCollision\CollisionShapes\btConvexInternalShape.cpp">
      <Filter>src\BulletCollision\CollisionShapes</Filter>
    </ClCompile>
    <ClCompile Include="..\..\src\BulletCollision\CollisionShapes\btConvexPolyhedron.cpp">
      <Filter>src\BulletCollision\CollisionShapes</Filter>
    </ClCompile>
    <ClCompile Include="..\..\src\BulletCollision\CollisionShapes\btConvexShape.cpp">
      <Filter>src\BulletCollision\CollisionShapes</Filter>
    </ClCompile>
    <ClCompile Include="..\..\src\BulletCollision\CollisionShapes\btMultiSphereShape.cpp">
      <Filter>src\BulletCollision\CollisionShapes</Filter>
    </ClCompile>
    <ClCompile Include="..\..\src\BulletCollision\CollisionShapes\btPolyhedralConvexShape.cpp">
      <Filter>src\BulletCollision\CollisionShapes</Filter>
    </ClCompile>
    <ClCompile Include="..\..\src\BulletCollision\CollisionShapes\btSphereShape.cpp">
      <Filter>src\BulletCollision\CollisionShapes</Filter>
    </ClCompile>
    <ClCompile Include="..\..\src\BulletCollision\NarrowPhaseCollision\btVoronoiSimplexSolver.cpp">
      <Filter>src\BulletCollision\NarrowPhaseCollision</Filter>
    </ClCompile>
    <ClCompile Include="..\..\test\collision\main.cpp">
      <Filter>test\collision</Filter>
    </ClCompile>
  </ItemGroup>
</Project>